
Microsoft Visual Studio Solution File, Format Version 12.00
# Visual Studio 2013
VisualStudioVersion = 12.0.40629.0
MinimumVisualStudioVersion = 10.0.40219.1
Project("{2150E333-8FDC-42A3-9474-1A3956D46DE8}") = "1 - Presentation", "1 - Presentation", "{E4629FAB-E160-4286-AECD-B3829A936075}"
EndProject
Project("{2150E333-8FDC-42A3-9474-1A3956D46DE8}") = "2 - Domain", "2 - Domain", "{9F78EA37-2D39-478F-AD85-E52F7D22EF44}"
EndProject
Project("{2150E333-8FDC-42A3-9474-1A3956D46DE8}") = "3 - Infra", "3 - Infra", "{DAE88640-3123-4569-8956-4B4F98DF3CF6}"
EndProject
Project("{2150E333-8FDC-42A3-9474-1A3956D46DE8}") = "3.1 - Data", "3.1 - Data", "{C5752B81-1A27-44BB-9489-B161CCFD1E09}"
EndProject
Project("{2150E333-8FDC-42A3-9474-1A3956D46DE8}") = "3.2 - Util", "3.2 - Util", "{54820DE0-34D8-4DDD-ACAB-981EC2D42E5E}"
EndProject
Project("{FAE04EC0-301F-11D3-BF4B-00C04F79EFBC}") = "VarcalSysClient.Domain", "src\VarcalSysClient.Domain\VarcalSysClient.Domain.csproj", "{7F8658E3-CED3-42EC-9A75-1051432CA06D}"
EndProject
Project("{FAE04EC0-301F-11D3-BF4B-00C04F79EFBC}") = "VarcalSysClient.Data", "src\VarcalSysClient.Data\VarcalSysClient.Data.csproj", "{1C37D5B2-3A45-409B-958B-894E7240528A}"
EndProject
Project("{FAE04EC0-301F-11D3-BF4B-00C04F79EFBC}") = "VarcalSysClient.IoC", "src\VarcalSysClient.IoC\VarcalSysClient.IoC.csproj", "{E7FC72DB-CA60-4326-9264-B50E417A7239}"
EndProject
Project("{FAE04EC0-301F-11D3-BF4B-00C04F79EFBC}") = "VarcalSysClient.Web", "src\VarcalSysClient.Web\VarcalSysClient.Web.csproj", "{2FCF6274-87AE-498B-8EF1-541BB31DD1BB}"
EndProject
Global
	GlobalSection(SolutionConfigurationPlatforms) = preSolution
		Debug|Any CPU = Debug|Any CPU
		Release|Any CPU = Release|Any CPU
	EndGlobalSection
	GlobalSection(ProjectConfigurationPlatforms) = postSolution
		{7F8658E3-CED3-42EC-9A75-1051432CA06D}.Debug|Any CPU.ActiveCfg = Debug|Any CPU
		{7F8658E3-CED3-42EC-9A75-1051432CA06D}.Debug|Any CPU.Build.0 = Debug|Any CPU
		{7F8658E3-CED3-42EC-9A75-1051432CA06D}.Release|Any CPU.ActiveCfg = Release|Any CPU
		{7F8658E3-CED3-42EC-9A75-1051432CA06D}.Release|Any CPU.Build.0 = Release|Any CPU
		{1C37D5B2-3A45-409B-958B-894E7240528A}.Debug|Any CPU.ActiveCfg = Debug|Any CPU
		{1C37D5B2-3A45-409B-958B-894E7240528A}.Debug|Any CPU.Build.0 = Debug|Any CPU
		{1C37D5B2-3A45-409B-958B-894E7240528A}.Release|Any CPU.ActiveCfg = Release|Any CPU
		{1C37D5B2-3A45-409B-958B-894E7240528A}.Release|Any CPU.Build.0 = Release|Any CPU
		{E7FC72DB-CA60-4326-9264-B50E417A7239}.Debug|Any CPU.ActiveCfg = Debug|Any CPU
		{E7FC72DB-CA60-4326-9264-B50E417A7239}.Debug|Any CPU.Build.0 = Debug|Any CPU
		{E7FC72DB-CA60-4326-9264-B50E417A7239}.Release|Any CPU.ActiveCfg = Release|Any CPU
		{E7FC72DB-CA60-4326-9264-B50E417A7239}.Release|Any CPU.Build.0 = Release|Any CPU
		{2FCF6274-87AE-498B-8EF1-541BB31DD1BB}.Debug|Any CPU.ActiveCfg = Debug|Any CPU
		{2FCF6274-87AE-498B-8EF1-541BB31DD1BB}.Debug|Any CPU.Build.0 = Debug|Any CPU
		{2FCF6274-87AE-498B-8EF1-541BB31DD1BB}.Release|Any CPU.ActiveCfg = Release|Any CPU
		{2FCF6274-87AE-498B-8EF1-541BB31DD1BB}.Release|Any CPU.Build.0 = Release|Any CPU
	EndGlobalSection
	GlobalSection(SolutionProperties) = preSolution
		HideSolutionNode = FALSE
	EndGlobalSection
	GlobalSection(NestedProjects) = preSolution
		{C5752B81-1A27-44BB-9489-B161CCFD1E09} = {DAE88640-3123-4569-8956-4B4F98DF3CF6}
		{54820DE0-34D8-4DDD-ACAB-981EC2D42E5E} = {DAE88640-3123-4569-8956-4B4F98DF3CF6}
		{7F8658E3-CED3-42EC-9A75-1051432CA06D} = {9F78EA37-2D39-478F-AD85-E52F7D22EF44}
		{1C37D5B2-3A45-409B-958B-894E7240528A} = {C5752B81-1A27-44BB-9489-B161CCFD1E09}
		{E7FC72DB-CA60-4326-9264-B50E417A7239} = {54820DE0-34D8-4DDD-ACAB-981EC2D42E5E}
		{2FCF6274-87AE-498B-8EF1-541BB31DD1BB} = {E4629FAB-E160-4286-AECD-B3829A936075}
	EndGlobalSection
EndGlobal
